
Microsoft Visual Studio Solution File, Format Version 12.00
# Visual Studio Version 17
VisualStudioVersion = 17.11.35303.130
MinimumVisualStudioVersion = 10.0.40219.1
Project("{FAE04EC0-301F-11D3-BF4B-00C04F79EFBC}") = "GestionInfoPersonal", "GestionInfoPersonal\GestionInfoPersonal.csproj", "{6058ACB9-FEAE-4EEB-9ACA-93E6375EBC3A}"
EndProject
Global
	GlobalSection(SolutionConfigurationPlatforms) = preSolution
		Debug|Any CPU = Debug|Any CPU
		Release|Any CPU = Release|Any CPU
	EndGlobalSection
	GlobalSection(ProjectConfigurationPlatforms) = postSolution
		{6058ACB9-FEAE-4EEB-9ACA-93E6375EBC3A}.Debug|Any CPU.ActiveCfg = Debug|Any CPU
		{6058ACB9-FEAE-4EEB-9ACA-93E6375EBC3A}.Debug|Any CPU.Build.0 = Debug|Any CPU
		{6058ACB9-FEAE-4EEB-9ACA-93E6375EBC3A}.Release|Any CPU.ActiveCfg = Release|Any CPU
		{6058ACB9-FEAE-4EEB-9ACA-93E6375EBC3A}.Release|Any CPU.Build.0 = Release|Any CPU
	EndGlobalSection
	GlobalSection(SolutionProperties) = preSolution
		HideSolutionNode = FALSE
	EndGlobalSection
	GlobalSection(ExtensibilityGlobals) = postSolution
		SolutionGuid = {440B014B-032F-4F30-8263-8116CF7E49FB}
	EndGlobalSection
EndGlobal
